<?xml version="1.0" encoding="utf-8"?>
<Project ToolsVersion="4.0" xmlns="http://schemas.microsoft.com/developer/msbuild/2003">
  <ItemGroup>
    <Filter Include="源文件">
      <UniqueIdentifier>{4FC737F1-C7A5-4376-A066-2A32D752A2FF}</UniqueIdentifier>
      <Extensions>cpp;c;cc;cxx;def;odl;idl;hpj;bat;asm;asmx</Extensions>
    </Filter>
    <Filter Include="头文件">
      <UniqueIdentifier>{93995380-89BD-4b04-88EB-625FBE52EBFB}</UniqueIdentifier>
      <Extensions>h;hh;hpp;hxx;hm;inl;inc;xsd</Extensions>
    </Filter>
    <Filter Include="资源文件">
      <UniqueIdentifier>{67DA6AB6-F800-4c08-8B7A-83BB121AAD01}</UniqueIdentifier>
      <Extensions>rc;ico;cur;bmp;dlg;rc2;rct;bin;rgs;gif;jpg;jpeg;jpe;resx;tiff;tif;png;wav;mfcribbon-ms</Extensions>
    </Filter>
    <Filter Include="头文件\Window">
      <UniqueIdentifier>{781717f1-9ade-4a5c-ac58-3ecc4da0bd43}</UniqueIdentifier>
    </Filter>
    <Filter Include="源文件\Window">
      <UniqueIdentifier>{a79b847c-9b5e-4a74-853d-d61d6b1b547d}</UniqueIdentifier>
    </Filter>
    <Filter Include="头文件\Control">
      <UniqueIdentifier>{e55ee7f6-da26-47da-b7c5-fd211babf1c6}</UniqueIdentifier>
    </Filter>
  </ItemGroup>
  <ItemGroup>
    <ClInclude Include="src\Window.Event.h">
      <Filter>头文件\Window</Filter>
    </ClInclude>
    <ClInclude Include="src\Window.Graph.h">
      <Filter>头文件\Window</Filter>
    </ClInclude>
    <ClInclude Include="src\Window.h">
      <Filter>头文件\Window</Filter>
    </ClInclude>
    <ClInclude Include="src\Window.Keycode.h">
      <Filter>头文件\Window</Filter>
    </ClInclude>
    <ClInclude Include="src\Window.Page.h">
      <Filter>头文件\Window</Filter>
    </ClInclude>
    <ClInclude Include="src\Window.Control.h">
      <Filter>头文件\Control</Filter>
    </ClInclude>
    <ClInclude Include="src\Window.Graph.Direct3D.h">
      <Filter>头文件\Window</Filter>
    </ClInclude>
    <ClInclude Include="src\Window.EventHandler.h">
      <Filter>头文件\Window</Filter>
    </ClInclude>
  </ItemGroup>
  <ItemGroup>
    <ClCompile Include="src\Window.cpp">
      <Filter>源文件\Window</Filter>
    </ClCompile>
    <ClCompile Include="src\Window.Page.cpp">
      <Filter>源文件\Window</Filter>
    </ClCompile>
    <ClCompile Include="src\Window.Graph.cpp">
      <Filter>源文件\Window</Filter>
    </ClCompile>
    <ClCompile Include="src\Window.EventHandler.cpp">
      <Filter>源文件\Window</Filter>
    </ClCompile>
  </ItemGroup>
  <ItemGroup>
    <None Include="packages.config" />
  </ItemGroup>
</Project>